
Microsoft Visual Studio Solution File, Format Version 12.00
# Visual Studio Version 17
VisualStudioVersion = 17.3.32929.385
MinimumVisualStudioVersion = 10.0.40219.1
Project("{FAE04EC0-301F-11D3-BF4B-00C04F79EFBC}") = "ChatRoomWeb", "ChatRoomWeb\ChatRoomWeb.csproj", "{1BF2E900-343E-4E37-AEC0-21B08A4E965C}"
EndProject
Global
	GlobalSection(SolutionConfigurationPlatforms) = preSolution
		Debug|Any CPU = Debug|Any CPU
		Release|Any CPU = Release|Any CPU
	EndGlobalSection
	GlobalSection(ProjectConfigurationPlatforms) = postSolution
		{1BF2E900-343E-4E37-AEC0-21B08A4E965C}.Debug|Any CPU.ActiveCfg = Debug|Any CPU
		{1BF2E900-343E-4E37-AEC0-21B08A4E965C}.Debug|Any CPU.Build.0 = Debug|Any CPU
		{1BF2E900-343E-4E37-AEC0-21B08A4E965C}.Release|Any CPU.ActiveCfg = Release|Any CPU
		{1BF2E900-343E-4E37-AEC0-21B08A4E965C}.Release|Any CPU.Build.0 = Release|Any CPU
	EndGlobalSection
	GlobalSection(SolutionProperties) = preSolution
		HideSolutionNode = FALSE
	EndGlobalSection
	GlobalSection(ExtensibilityGlobals) = postSolution
		SolutionGuid = {8EE5CE8C-BBB3-4FDE-9E61-BB23EA45ECAB}
	EndGlobalSection
EndGlobal
